
Microsoft Visual Studio Solution File, Format Version 12.00
# Visual Studio 14
VisualStudioVersion = 14.0.24720.0
MinimumVisualStudioVersion = 10.0.40219.1
Project("{FAE04EC0-301F-11D3-BF4B-00C04F79EFBC}") = "OptionsWebsite", "OptionsWebsite\OptionsWebsite.csproj", "{F1137D5D-C1D6-4C91-A582-64D774C92FCA}"
EndProject
Project("{FAE04EC0-301F-11D3-BF4B-00C04F79EFBC}") = "DiplomaDataModel", "DiplomaDataModel\DiplomaDataModel.csproj", "{CF83A433-9EDE-460F-AE7C-C56733CE492D}"
EndProject
Global
	GlobalSection(SolutionConfigurationPlatforms) = preSolution
		Debug|Any CPU = Debug|Any CPU
		Release|Any CPU = Release|Any CPU
	EndGlobalSection
	GlobalSection(ProjectConfigurationPlatforms) = postSolution
		{F1137D5D-C1D6-4C91-A582-64D774C92FCA}.Debug|Any CPU.ActiveCfg = Debug|Any CPU
		{F1137D5D-C1D6-4C91-A582-64D774C92FCA}.Debug|Any CPU.Build.0 = Debug|Any CPU
		{F1137D5D-C1D6-4C91-A582-64D774C92FCA}.Release|Any CPU.ActiveCfg = Release|Any CPU
		{F1137D5D-C1D6-4C91-A582-64D774C92FCA}.Release|Any CPU.Build.0 = Release|Any CPU
		{CF83A433-9EDE-460F-AE7C-C56733CE492D}.Debug|Any CPU.ActiveCfg = Debug|Any CPU
		{CF83A433-9EDE-460F-AE7C-C56733CE492D}.Debug|Any CPU.Build.0 = Debug|Any CPU
		{CF83A433-9EDE-460F-AE7C-C56733CE492D}.Release|Any CPU.ActiveCfg = Release|Any CPU
		{CF83A433-9EDE-460F-AE7C-C56733CE492D}.Release|Any CPU.Build.0 = Release|Any CPU
	EndGlobalSection
	GlobalSection(SolutionProperties) = preSolution
		HideSolutionNode = FALSE
	EndGlobalSection
EndGlobal
